
Microsoft Visual Studio Solution File, Format Version 11.00
# Visual Studio 2010
Project("{2150E333-8FDC-42A3-9474-1A3956D46DE8}") = "DataAccess", "DataAccess", "{21D360B0-85F1-42B0-A955-A286427A423A}"
EndProject
Project("{FAE04EC0-301F-11D3-BF4B-00C04F79EFBC}") = "EFDao", "EFDao\EFDao.csproj", "{C5AFC928-EB53-49BD-923E-7DD6F6DB125E}"
EndProject
Project("{2150E333-8FDC-42A3-9474-1A3956D46DE8}") = "Domain", "Domain", "{CC9D5A7C-9341-4EC7-8487-4467AB66DD5F}"
EndProject
Project("{FAE04EC0-301F-11D3-BF4B-00C04F79EFBC}") = "Entity", "Entity\Entity.csproj", "{5CBA8F40-3FE7-4F7D-8752-0BE8A3737D1E}"
EndProject
Project("{2150E333-8FDC-42A3-9474-1A3956D46DE8}") = "BusinessLogic", "BusinessLogic", "{DAB8169A-FC42-44D5-A968-6AB1BEDE96D8}"
EndProject
Project("{FAE04EC0-301F-11D3-BF4B-00C04F79EFBC}") = "IDao", "IDao\IDao.csproj", "{C380E851-A4E2-4C23-B09D-FC3D255079D6}"
EndProject
Project("{FAE04EC0-301F-11D3-BF4B-00C04F79EFBC}") = "IBLL", "IBLL\IBLL.csproj", "{BBEEF91A-8D26-4567-AA6B-79E85C2CFAB3}"
EndProject
Project("{FAE04EC0-301F-11D3-BF4B-00C04F79EFBC}") = "BLL", "BLL\BLL.csproj", "{E93A0088-E639-4D34-B545-617370C1DE69}"
EndProject
Project("{FAE04EC0-301F-11D3-BF4B-00C04F79EFBC}") = "Model", "Model\Model.csproj", "{6E2C6DB2-A7DB-4C56-854F-89EF74216709}"
EndProject
Project("{FAE04EC0-301F-11D3-BF4B-00C04F79EFBC}") = "NhiDao", "NhiDao\NhiDao.csproj", "{CF0BCE9A-B8CE-44CB-A37D-1921ECE6D057}"
EndProject
Project("{2150E333-8FDC-42A3-9474-1A3956D46DE8}") = "Common", "Common", "{D2671F35-7F7D-4B25-A321-D0C4E03F221A}"
EndProject
Project("{FAE04EC0-301F-11D3-BF4B-00C04F79EFBC}") = "TXF.Attributes", "Attributes\TXF.Attributes.csproj", "{0760E178-8AD3-4B93-A3A2-BAEB38E40290}"
EndProject
Project("{FAE04EC0-301F-11D3-BF4B-00C04F79EFBC}") = "TXF_OA", "TXF_OA\TXF_OA.csproj", "{1A115326-F33C-47BB-B972-72DC7B8DB417}"
EndProject
Project("{2150E333-8FDC-42A3-9474-1A3956D46DE8}") = "EF", "EF", "{9E1F9408-4520-4131-96B7-4A8306E7C5BE}"
EndProject
Project("{FAE04EC0-301F-11D3-BF4B-00C04F79EFBC}") = "IEFDAO", "IEFDAO\IEFDAO.csproj", "{C18C3DD7-3997-4F8F-9513-5F42A987BE5F}"
EndProject
Project("{2150E333-8FDC-42A3-9474-1A3956D46DE8}") = "Nhi", "Nhi", "{0AB79767-9564-4456-A74D-78A42B42214C}"
EndProject
Project("{FAE04EC0-301F-11D3-BF4B-00C04F79EFBC}") = "INhiDao", "INhiDao\INhiDao.csproj", "{011097D6-084F-4908-A758-2C1F49F2EC1C}"
EndProject
Project("{2150E333-8FDC-42A3-9474-1A3956D46DE8}") = "Sql", "Sql", "{BDDA4218-67AA-47FA-85C0-E38E9C41930E}"
EndProject
Project("{FAE04EC0-301F-11D3-BF4B-00C04F79EFBC}") = "Dao", "Dao\Dao.csproj", "{612DEC20-5BAE-47FB-8341-CDB1BFF278DA}"
EndProject
Project("{2150E333-8FDC-42A3-9474-1A3956D46DE8}") = "Cache", "Cache", "{0714CD54-8F3F-4326-A195-59A1251A6EC1}"
EndProject
Project("{FAE04EC0-301F-11D3-BF4B-00C04F79EFBC}") = "MyCache.Factory", "MyCache.Factory\MyCache.Factory.csproj", "{DC223306-FEA4-4324-8A0D-37168288CABD}"
EndProject
Project("{FAE04EC0-301F-11D3-BF4B-00C04F79EFBC}") = "MyCache.Interface", "MyCache.Interface\MyCache.Interface.csproj", "{8A15D1C9-ED4A-4D14-A2DC-5CE54F60885F}"
EndProject
Project("{FAE04EC0-301F-11D3-BF4B-00C04F79EFBC}") = "MyCache.IO", "MyCache.IO\MyCache.IO.csproj", "{E8EDF160-08F9-480C-991F-60D147D678C6}"
EndProject
Project("{FAE04EC0-301F-11D3-BF4B-00C04F79EFBC}") = "MyCache.InProc", "MyCache.InProc\MyCache.InProc.csproj", "{99A63E0B-881E-4A78-B237-67DA0F1ABEFC}"
EndProject
Global
	GlobalSection(SolutionConfigurationPlatforms) = preSolution
		Debug|Any CPU = Debug|Any CPU
		Release|Any CPU = Release|Any CPU
	EndGlobalSection
	GlobalSection(ProjectConfigurationPlatforms) = postSolution
		{C5AFC928-EB53-49BD-923E-7DD6F6DB125E}.Debug|Any CPU.ActiveCfg = Debug|Any CPU
		{C5AFC928-EB53-49BD-923E-7DD6F6DB125E}.Debug|Any CPU.Build.0 = Debug|Any CPU
		{C5AFC928-EB53-49BD-923E-7DD6F6DB125E}.Release|Any CPU.ActiveCfg = Release|Any CPU
		{C5AFC928-EB53-49BD-923E-7DD6F6DB125E}.Release|Any CPU.Build.0 = Release|Any CPU
		{5CBA8F40-3FE7-4F7D-8752-0BE8A3737D1E}.Debug|Any CPU.ActiveCfg = Debug|Any CPU
		{5CBA8F40-3FE7-4F7D-8752-0BE8A3737D1E}.Debug|Any CPU.Build.0 = Debug|Any CPU
		{5CBA8F40-3FE7-4F7D-8752-0BE8A3737D1E}.Release|Any CPU.ActiveCfg = Release|Any CPU
		{5CBA8F40-3FE7-4F7D-8752-0BE8A3737D1E}.Release|Any CPU.Build.0 = Release|Any CPU
		{C380E851-A4E2-4C23-B09D-FC3D255079D6}.Debug|Any CPU.ActiveCfg = Debug|Any CPU
		{C380E851-A4E2-4C23-B09D-FC3D255079D6}.Debug|Any CPU.Build.0 = Debug|Any CPU
		{C380E851-A4E2-4C23-B09D-FC3D255079D6}.Release|Any CPU.ActiveCfg = Release|Any CPU
		{C380E851-A4E2-4C23-B09D-FC3D255079D6}.Release|Any CPU.Build.0 = Release|Any CPU
		{BBEEF91A-8D26-4567-AA6B-79E85C2CFAB3}.Debug|Any CPU.ActiveCfg = Debug|Any CPU
		{BBEEF91A-8D26-4567-AA6B-79E85C2CFAB3}.Debug|Any CPU.Build.0 = Debug|Any CPU
		{BBEEF91A-8D26-4567-AA6B-79E85C2CFAB3}.Release|Any CPU.ActiveCfg = Release|Any CPU
		{BBEEF91A-8D26-4567-AA6B-79E85C2CFAB3}.Release|Any CPU.Build.0 = Release|Any CPU
		{E93A0088-E639-4D34-B545-617370C1DE69}.Debug|Any CPU.ActiveCfg = Debug|Any CPU
		{E93A0088-E639-4D34-B545-617370C1DE69}.Debug|Any CPU.Build.0 = Debug|Any CPU
		{E93A0088-E639-4D34-B545-617370C1DE69}.Release|Any CPU.ActiveCfg = Release|Any CPU
		{E93A0088-E639-4D34-B545-617370C1DE69}.Release|Any CPU.Build.0 = Release|Any CPU
		{6E2C6DB2-A7DB-4C56-854F-89EF74216709}.Debug|Any CPU.ActiveCfg = Debug|Any CPU
		{6E2C6DB2-A7DB-4C56-854F-89EF74216709}.Debug|Any CPU.Build.0 = Debug|Any CPU
		{6E2C6DB2-A7DB-4C56-854F-89EF74216709}.Release|Any CPU.ActiveCfg = Release|Any CPU
		{6E2C6DB2-A7DB-4C56-854F-89EF74216709}.Release|Any CPU.Build.0 = Release|Any CPU
		{CF0BCE9A-B8CE-44CB-A37D-1921ECE6D057}.Debug|Any CPU.ActiveCfg = Debug|Any CPU
		{CF0BCE9A-B8CE-44CB-A37D-1921ECE6D057}.Debug|Any CPU.Build.0 = Debug|Any CPU
		{CF0BCE9A-B8CE-44CB-A37D-1921ECE6D057}.Release|Any CPU.ActiveCfg = Release|Any CPU
		{CF0BCE9A-B8CE-44CB-A37D-1921ECE6D057}.Release|Any CPU.Build.0 = Release|Any CPU
		{0760E178-8AD3-4B93-A3A2-BAEB38E40290}.Debug|Any CPU.ActiveCfg = Debug|Any CPU
		{0760E178-8AD3-4B93-A3A2-BAEB38E40290}.Debug|Any CPU.Build.0 = Debug|Any CPU
		{0760E178-8AD3-4B93-A3A2-BAEB38E40290}.Release|Any CPU.ActiveCfg = Release|Any CPU
		{0760E178-8AD3-4B93-A3A2-BAEB38E40290}.Release|Any CPU.Build.0 = Release|Any CPU
		{1A115326-F33C-47BB-B972-72DC7B8DB417}.Debug|Any CPU.ActiveCfg = Debug|Any CPU
		{1A115326-F33C-47BB-B972-72DC7B8DB417}.Debug|Any CPU.Build.0 = Debug|Any CPU
		{1A115326-F33C-47BB-B972-72DC7B8DB417}.Release|Any CPU.ActiveCfg = Release|Any CPU
		{1A115326-F33C-47BB-B972-72DC7B8DB417}.Release|Any CPU.Build.0 = Release|Any CPU
		{C18C3DD7-3997-4F8F-9513-5F42A987BE5F}.Debug|Any CPU.ActiveCfg = Debug|Any CPU
		{C18C3DD7-3997-4F8F-9513-5F42A987BE5F}.Debug|Any CPU.Build.0 = Debug|Any CPU
		{C18C3DD7-3997-4F8F-9513-5F42A987BE5F}.Release|Any CPU.ActiveCfg = Release|Any CPU
		{C18C3DD7-3997-4F8F-9513-5F42A987BE5F}.Release|Any CPU.Build.0 = Release|Any CPU
		{011097D6-084F-4908-A758-2C1F49F2EC1C}.Debug|Any CPU.ActiveCfg = Debug|Any CPU
		{011097D6-084F-4908-A758-2C1F49F2EC1C}.Debug|Any CPU.Build.0 = Debug|Any CPU
		{011097D6-084F-4908-A758-2C1F49F2EC1C}.Release|Any CPU.ActiveCfg = Release|Any CPU
		{011097D6-084F-4908-A758-2C1F49F2EC1C}.Release|Any CPU.Build.0 = Release|Any CPU
		{612DEC20-5BAE-47FB-8341-CDB1BFF278DA}.Debug|Any CPU.ActiveCfg = Debug|Any CPU
		{612DEC20-5BAE-47FB-8341-CDB1BFF278DA}.Debug|Any CPU.Build.0 = Debug|Any CPU
		{612DEC20-5BAE-47FB-8341-CDB1BFF278DA}.Release|Any CPU.ActiveCfg = Release|Any CPU
		{612DEC20-5BAE-47FB-8341-CDB1BFF278DA}.Release|Any CPU.Build.0 = Release|Any CPU
		{DC223306-FEA4-4324-8A0D-37168288CABD}.Debug|Any CPU.ActiveCfg = Debug|Any CPU
		{DC223306-FEA4-4324-8A0D-37168288CABD}.Debug|Any CPU.Build.0 = Debug|Any CPU
		{DC223306-FEA4-4324-8A0D-37168288CABD}.Release|Any CPU.ActiveCfg = Release|Any CPU
		{DC223306-FEA4-4324-8A0D-37168288CABD}.Release|Any CPU.Build.0 = Release|Any CPU
		{8A15D1C9-ED4A-4D14-A2DC-5CE54F60885F}.Debug|Any CPU.ActiveCfg = Debug|Any CPU
		{8A15D1C9-ED4A-4D14-A2DC-5CE54F60885F}.Debug|Any CPU.Build.0 = Debug|Any CPU
		{8A15D1C9-ED4A-4D14-A2DC-5CE54F60885F}.Release|Any CPU.ActiveCfg = Release|Any CPU
		{8A15D1C9-ED4A-4D14-A2DC-5CE54F60885F}.Release|Any CPU.Build.0 = Release|Any CPU
		{E8EDF160-08F9-480C-991F-60D147D678C6}.Debug|Any CPU.ActiveCfg = Debug|Any CPU
		{E8EDF160-08F9-480C-991F-60D147D678C6}.Debug|Any CPU.Build.0 = Debug|Any CPU
		{E8EDF160-08F9-480C-991F-60D147D678C6}.Release|Any CPU.ActiveCfg = Release|Any CPU
		{E8EDF160-08F9-480C-991F-60D147D678C6}.Release|Any CPU.Build.0 = Release|Any CPU
		{99A63E0B-881E-4A78-B237-67DA0F1ABEFC}.Debug|Any CPU.ActiveCfg = Debug|Any CPU
		{99A63E0B-881E-4A78-B237-67DA0F1ABEFC}.Debug|Any CPU.Build.0 = Debug|Any CPU
		{99A63E0B-881E-4A78-B237-67DA0F1ABEFC}.Release|Any CPU.ActiveCfg = Release|Any CPU
		{99A63E0B-881E-4A78-B237-67DA0F1ABEFC}.Release|Any CPU.Build.0 = Release|Any CPU
	EndGlobalSection
	GlobalSection(SolutionProperties) = preSolution
		HideSolutionNode = FALSE
	EndGlobalSection
	GlobalSection(NestedProjects) = preSolution
		{9E1F9408-4520-4131-96B7-4A8306E7C5BE} = {21D360B0-85F1-42B0-A955-A286427A423A}
		{BDDA4218-67AA-47FA-85C0-E38E9C41930E} = {21D360B0-85F1-42B0-A955-A286427A423A}
		{0AB79767-9564-4456-A74D-78A42B42214C} = {21D360B0-85F1-42B0-A955-A286427A423A}
		{C5AFC928-EB53-49BD-923E-7DD6F6DB125E} = {9E1F9408-4520-4131-96B7-4A8306E7C5BE}
		{C18C3DD7-3997-4F8F-9513-5F42A987BE5F} = {9E1F9408-4520-4131-96B7-4A8306E7C5BE}
		{5CBA8F40-3FE7-4F7D-8752-0BE8A3737D1E} = {CC9D5A7C-9341-4EC7-8487-4467AB66DD5F}
		{6E2C6DB2-A7DB-4C56-854F-89EF74216709} = {CC9D5A7C-9341-4EC7-8487-4467AB66DD5F}
		{BBEEF91A-8D26-4567-AA6B-79E85C2CFAB3} = {DAB8169A-FC42-44D5-A968-6AB1BEDE96D8}
		{E93A0088-E639-4D34-B545-617370C1DE69} = {DAB8169A-FC42-44D5-A968-6AB1BEDE96D8}
		{C380E851-A4E2-4C23-B09D-FC3D255079D6} = {BDDA4218-67AA-47FA-85C0-E38E9C41930E}
		{612DEC20-5BAE-47FB-8341-CDB1BFF278DA} = {BDDA4218-67AA-47FA-85C0-E38E9C41930E}
		{CF0BCE9A-B8CE-44CB-A37D-1921ECE6D057} = {0AB79767-9564-4456-A74D-78A42B42214C}
		{011097D6-084F-4908-A758-2C1F49F2EC1C} = {0AB79767-9564-4456-A74D-78A42B42214C}
		{0760E178-8AD3-4B93-A3A2-BAEB38E40290} = {D2671F35-7F7D-4B25-A321-D0C4E03F221A}
		{DC223306-FEA4-4324-8A0D-37168288CABD} = {0714CD54-8F3F-4326-A195-59A1251A6EC1}
		{8A15D1C9-ED4A-4D14-A2DC-5CE54F60885F} = {0714CD54-8F3F-4326-A195-59A1251A6EC1}
		{E8EDF160-08F9-480C-991F-60D147D678C6} = {0714CD54-8F3F-4326-A195-59A1251A6EC1}
		{99A63E0B-881E-4A78-B237-67DA0F1ABEFC} = {0714CD54-8F3F-4326-A195-59A1251A6EC1}
	EndGlobalSection
EndGlobal
